core:changelogs:
  - content: "---\npackages:\n  cargo:mdbook-icons:\n    type: patch\n---\n\n## Bump dependencies & cache collections\n"
    filename: 2026-08-29-mterfw0z.md
    v: 0.0.0
  - content: "---\npackages:\n  cargo:mdbook-icons:\n    type: patch\n---\n\n## Bump iconify version\n"
    filename: 2026-08-29-mterk1o8.md
    v: 0.0.0
core:packages:
  - changelogIds:
      - 2026-08-29-mterfw0z.md
      - 2026-08-29-mterk1o8.md
    id: cargo:mdbook-icons
    updated: true
